<?xml version="1.0" encoding="UTF-8" standalone="yes" ?>
<CodeBlocks_project_file>
	<FileVersion major="1" minor="6" />
	<Project>
		<Option title="Zero2D (win32)" />
		<Option pch_mode="2" />
		<Option compiler="gcc" />
		<Build>
			<Target title="Debug">
				<Option output="..\..\zero2d-win32-debug" prefix_auto="1" extension_auto="1" />
				<Option working_dir="..\.." />
				<Option object_output="obj\Debug\" />
				<Option type="1" />
				<Option compiler="gcc" />
				<Compiler>
					<Add option="-g" />
				</Compiler>
			</Target>
			<Target title="Release">
				<Option output="..\..\zero2d-win32" prefix_auto="1" extension_auto="1" />
				<Option working_dir="..\.." />
				<Option object_output="obj\Release\" />
				<Option type="1" />
				<Option compiler="gcc" />
				<Compiler>
					<Add option="-O2" />
				</Compiler>
				<Linker>
					<Add option="-s" />
					<Add option="-mwindows" />
				</Linker>
			</Target>
		</Build>
		<Linker>
			<Add library="mingw32" />
			<Add library="SDLmain" />
			<Add library="SDL_image" />
			<Add library="SDL_net" />
			<Add library="SDL_ttf" />
			<Add library="SDL_mixer" />
			<Add library="SDL" />
			<Add library="opengl32" />
			<Add library="glu32" />
			<Add library="lua51" />
			<Add library="boost_system" />
			<Add library="boost_filesystem" />
		</Linker>
		<Unit filename="..\Camera.cpp" />
		<Unit filename="..\Camera.h" />
		<Unit filename="..\Config.cpp" />
		<Unit filename="..\Config.h" />
		<Unit filename="..\Control.cpp" />
		<Unit filename="..\Control.h" />
		<Unit filename="..\DisplayEngine.cpp" />
		<Unit filename="..\DisplayEngine.h" />
		<Unit filename="..\Entity.cpp" />
		<Unit filename="..\Entity.h" />
		<Unit filename="..\EntityGarbageCollector.cpp" />
		<Unit filename="..\EntityGarbageCollector.h" />
		<Unit filename="..\Fighter.cpp" />
		<Unit filename="..\Fighter.h" />
		<Unit filename="..\GLee.c">
			<Option compilerVar="CC" />
		</Unit>
		<Unit filename="..\GLee.h" />
		<Unit filename="..\GameServer.cpp" />
		<Unit filename="..\GameServer.h" />
		<Unit filename="..\IndexVBO.cpp" />
		<Unit filename="..\IndexVBO.h" />
		<Unit filename="..\LoadScreen.cpp" />
		<Unit filename="..\LoadScreen.h" />
		<Unit filename="..\LogFile.cpp" />
		<Unit filename="..\LogFile.h" />
		<Unit filename="..\LuaMachine.cpp" />
		<Unit filename="..\LuaMachine.h" />
		<Unit filename="..\MathEngine.cpp" />
		<Unit filename="..\MathEngine.h" />
		<Unit filename="..\Matrix.h" />
		<Unit filename="..\Matrix3D.cpp" />
		<Unit filename="..\Matrix3D.h" />
		<Unit filename="..\MatrixStack.cpp" />
		<Unit filename="..\MatrixStack.h" />
		<Unit filename="..\Module.cpp" />
		<Unit filename="..\Module.h" />
		<Unit filename="..\NetworkStream.cpp" />
		<Unit filename="..\NetworkStream.h" />
		<Unit filename="..\OGL.h" />
		<Unit filename="..\ParticleProgram.cpp" />
		<Unit filename="..\ParticleProgram.h" />
		<Unit filename="..\PlayerControl.cpp" />
		<Unit filename="..\PlayerControl.h" />
		<Unit filename="..\Shader.cpp" />
		<Unit filename="..\Shader.h" />
		<Unit filename="..\ShaderProgram.cpp" />
		<Unit filename="..\ShaderProgram.h" />
		<Unit filename="..\ShaderVBO.cpp" />
		<Unit filename="..\ShaderVBO.h" />
		<Unit filename="..\SoundEngine.cpp" />
		<Unit filename="..\SoundEngine.h" />
		<Unit filename="..\Sprite.cpp" />
		<Unit filename="..\Sprite.h" />
		<Unit filename="..\SpriteInstance.cpp" />
		<Unit filename="..\SpriteInstance.h" />
		<Unit filename="..\SpriteProgram.cpp" />
		<Unit filename="..\SpriteProgram.h" />
		<Unit filename="..\State.cpp" />
		<Unit filename="..\State.h" />
		<Unit filename="..\TestModule.cpp" />
		<Unit filename="..\TestModule.h" />
		<Unit filename="..\TextureModule.cpp" />
		<Unit filename="..\TextureModule.h" />
		<Unit filename="..\Thread.cpp" />
		<Unit filename="..\Thread.h" />
		<Unit filename="..\Vector2D.h" />
		<Unit filename="..\Vector3D.h" />
		<Unit filename="..\glee.h" />
		<Unit filename="..\main.cpp" />
		<Extensions>
			<code_completion />
			<envvars />
			<lib_finder disable_auto="1" />
			<debugger />
		</Extensions>
	</Project>
</CodeBlocks_project_file>
